// !$*UTF8*$!
{
	archiveVersion = 1;
	classes = {
	};
	objectVersion = 50;
	objects = {

/* Begin PBXBuildFile section */
		3382C5DADC3E8B9EECBDB975 /* Pods_Smack.framework in Frameworks */ = {isa = PBXBuildFile; fileRef = 5F86D818BEFB13810443CD34 /* Pods_Smack.framework */; };
		F7038CF4224FE4D10083E790 /* CreateAccountVC.swift in Sources */ = {isa = PBXBuildFile; fileRef = F7038CF3224FE4D10083E790 /* CreateAccountVC.swift */; };
		F704F9BC224B9E5B00946C02 /* ChatVC.swift in Sources */ = {isa = PBXBuildFile; fileRef = F704F9BB224B9E5B00946C02 /* ChatVC.swift */; };
		F704F9BE224B9E6900946C02 /* ChannelVC.swift in Sources */ = {isa = PBXBuildFile; fileRef = F704F9BD224B9E6900946C02 /* ChannelVC.swift */; };
		F7065626224D6C2000EC41AA /* Constants.swift in Sources */ = {isa = PBXBuildFile; fileRef = F7065625224D6C2000EC41AA /* Constants.swift */; };
		F7065628224D73B600EC41AA /* LogInVC.swift in Sources */ = {isa = PBXBuildFile; fileRef = F7065627224D73B600EC41AA /* LogInVC.swift */; };
		F70DE880224A5B3300AC054B /* File.swift in Sources */ = {isa = PBXBuildFile; fileRef = F70DE87F224A5B3300AC054B /* File.swift */; };
		F70DE884224A5B6E00AC054B /* SWRevealViewController.m in Sources */ = {isa = PBXBuildFile; fileRef = F70DE882224A5B6E00AC054B /* SWRevealViewController.m */; };
		F7ECC340224A417600947A69 /* AppDelegate.swift in Sources */ = {isa = PBXBuildFile; fileRef = F7ECC33F224A417600947A69 /* AppDelegate.swift */; };
		F7ECC345224A417600947A69 /* Main.storyboard in Resources */ = {isa = PBXBuildFile; fileRef = F7ECC343224A417600947A69 /* Main.storyboard */; };
		F7ECC347224A417700947A69 /* Assets.xcassets in Resources */ = {isa = PBXBuildFile; fileRef = F7ECC346224A417700947A69 /* Assets.xcassets */; };
		F7ECC34A224A417700947A69 /* LaunchScreen.storyboard in Resources */ = {isa = PBXBuildFile; fileRef = F7ECC348224A417700947A69 /* LaunchScreen.storyboard */; };
		F7FC83BB224C10A80037D85F /* GradientView.swift in Sources */ = {isa = PBXBuildFile; fileRef = F7FC83BA224C10A80037D85F /* GradientView.swift */; };
/* End PBXBuildFile section */

/* Begin PBXFileReference section */
		4EBC4B77B166E907547EF53A /* Pods-Smack.debug.xcconfig */ = {isa = PBXFileReference; includeInIndex = 1; lastKnownFileType = text.xcconfig; name = "Pods-Smack.debug.xcconfig"; path = "Pods/Target Support Files/Pods-Smack/Pods-Smack.debug.xcconfig"; sourceTree = "<group>"; };
		52FABF7C781AC56B02097D27 /* Pods-Smack.release.xcconfig */ = {isa = PBXFileReference; includeInIndex = 1; lastKnownFileType = text.xcconfig; name = "Pods-Smack.release.xcconfig"; path = "Pods/Target Support Files/Pods-Smack/Pods-Smack.release.xcconfig"; sourceTree = "<group>"; };
		5F86D818BEFB13810443CD34 /* Pods_Smack.framework */ = {isa = PBXFileReference; explicitFileType = wrapper.framework; includeInIndex = 0; path = Pods_Smack.framework; sourceTree = BUILT_PRODUCTS_DIR; };
		F7038CF3224FE4D10083E790 /* CreateAccountVC.swift */ = {isa = PBXFileReference; lastKnownFileType = sourcecode.swift; path = CreateAccountVC.swift; sourceTree = "<group>"; };
		F704F9BB224B9E5B00946C02 /* ChatVC.swift */ = {isa = PBXFileReference; lastKnownFileType = sourcecode.swift; path = ChatVC.swift; sourceTree = "<group>"; };
		F704F9BD224B9E6900946C02 /* ChannelVC.swift */ = {isa = PBXFileReference; lastKnownFileType = sourcecode.swift; path = ChannelVC.swift; sourceTree = "<group>"; };
		F7065625224D6C2000EC41AA /* Constants.swift */ = {isa = PBXFileReference; lastKnownFileType = sourcecode.swift; path = Constants.swift; sourceTree = "<group>"; };
		F7065627224D73B600EC41AA /* LogInVC.swift */ = {isa = PBXFileReference; lastKnownFileType = sourcecode.swift; path = LogInVC.swift; sourceTree = "<group>"; };
		F70DE87F224A5B3300AC054B /* File.swift */ = {isa = PBXFileReference; lastKnownFileType = sourcecode.swift; path = File.swift; sourceTree = "<group>"; };
		F70DE881224A5B6E00AC054B /* Smack-Bridging-Header.h */ = {isa = PBXFileReference; lastKnownFileType = sourcecode.c.h; path = "Smack-Bridging-Header.h"; sourceTree = "<group>"; };
		F70DE882224A5B6E00AC054B /* SWRevealViewController.m */ = {isa = PBXFileReference; fileEncoding = 4; lastKnownFileType = sourcecode.c.objc; path = SWRevealViewController.m; sourceTree = "<group>"; };
		F70DE883224A5B6E00AC054B /* SWRevealViewController.h */ = {isa = PBXFileReference; fileEncoding = 4; lastKnownFileType = sourcecode.c.h; path = SWRevealViewController.h; sourceTree = "<group>"; };
		F7ECC33C224A417600947A69 /* Smack.app */ = {isa = PBXFileReference; explicitFileType = wrapper.application; includeInIndex = 0; path = Smack.app; sourceTree = BUILT_PRODUCTS_DIR; };
		F7ECC33F224A417600947A69 /* AppDelegate.swift */ = {isa = PBXFileReference; lastKnownFileType = sourcecode.swift; path = AppDelegate.swift; sourceTree = "<group>"; };
		F7ECC344224A417600947A69 /* Base */ = {isa = PBXFileReference; lastKnownFileType = file.storyboard; name = Base; path = Base.lproj/Main.storyboard; sourceTree = "<group>"; };
		F7ECC346224A417700947A69 /* Assets.xcassets */ = {isa = PBXFileReference; lastKnownFileType = folder.assetcatalog; path = Assets.xcassets; sourceTree = "<group>"; };
		F7ECC349224A417700947A69 /* Base */ = {isa = PBXFileReference; lastKnownFileType = file.storyboard; name = Base; path = Base.lproj/LaunchScreen.storyboard; sourceTree = "<group>"; };
		F7ECC34B224A417700947A69 /* Info.plist */ = {isa = PBXFileReference; lastKnownFileType = text.plist.xml; path = Info.plist; sourceTree = "<group>"; };
		F7FC83BA224C10A80037D85F /* GradientView.swift */ = {isa = PBXFileReference; lastKnownFileType = sourcecode.swift; path = GradientView.swift; sourceTree = "<group>"; };
/* End PBXFileReference section */

/* Begin PBXFrameworksBuildPhase section */
		F7ECC339224A417600947A69 /* Frameworks */ = {
			isa = PBXFrameworksBuildPhase;
			buildActionMask = 2147483647;
			files = (
				3382C5DADC3E8B9EECBDB975 /* Pods_Smack.framework in Frameworks */,
			);
			runOnlyForDeploymentPostprocessing = 0;
		};
/* End PBXFrameworksBuildPhase section */

/* Begin PBXGroup section */
		524C6E725FBE4D213F03B7CF /* Frameworks */ = {
			isa = PBXGroup;
			children = (
				5F86D818BEFB13810443CD34 /* Pods_Smack.framework */,
			);
			name = Frameworks;
			sourceTree = "<group>";
		};
		8B7638EE206803EA95AE8757 /* Pods */ = {
			isa = PBXGroup;
			children = (
				4EBC4B77B166E907547EF53A /* Pods-Smack.debug.xcconfig */,
				52FABF7C781AC56B02097D27 /* Pods-Smack.release.xcconfig */,
			);
			name = Pods;
			sourceTree = "<group>";
		};
		F704F9B8224B9E3000946C02 /* Controller */ = {
			isa = PBXGroup;
			children = (
				F704F9BB224B9E5B00946C02 /* ChatVC.swift */,
				F704F9BD224B9E6900946C02 /* ChannelVC.swift */,
				F7065627224D73B600EC41AA /* LogInVC.swift */,
				F7038CF3224FE4D10083E790 /* CreateAccountVC.swift */,
			);
			path = Controller;
			sourceTree = "<group>";
		};
		F704F9B9224B9E3B00946C02 /* View */ = {
			isa = PBXGroup;
			children = (
				F7FC83BA224C10A80037D85F /* GradientView.swift */,
			);
			path = View;
			sourceTree = "<group>";
		};
		F704F9BA224B9E4400946C02 /* Model */ = {
			isa = PBXGroup;
			children = (
			);
			path = Model;
			sourceTree = "<group>";
		};
		F7065624224D6BEE00EC41AA /* Utilities */ = {
			isa = PBXGroup;
			children = (
				F7065625224D6C2000EC41AA /* Constants.swift */,
			);
			path = Utilities;
			sourceTree = "<group>";
		};
		F70DE877224A5AA100AC054B /* Supporting Files */ = {
			isa = PBXGroup;
			children = (
				F70DE883224A5B6E00AC054B /* SWRevealViewController.h */,
				F70DE882224A5B6E00AC054B /* SWRevealViewController.m */,
				F70DE881224A5B6E00AC054B /* Smack-Bridging-Header.h */,
			);
			path = "Supporting Files";
			sourceTree = "<group>";
		};
		F7ECC333224A417600947A69 = {
			isa = PBXGroup;
			children = (
				F7ECC33E224A417600947A69 /* Smack */,
				F7ECC33D224A417600947A69 /* Products */,
				8B7638EE206803EA95AE8757 /* Pods */,
				524C6E725FBE4D213F03B7CF /* Frameworks */,
			);
			sourceTree = "<group>";
		};
		F7ECC33D224A417600947A69 /* Products */ = {
			isa = PBXGroup;
			children = (
				F7ECC33C224A417600947A69 /* Smack.app */,
			);
			name = Products;
			sourceTree = "<group>";
		};
		F7ECC33E224A417600947A69 /* Smack */ = {
			isa = PBXGroup;
			children = (
				F7065624224D6BEE00EC41AA /* Utilities */,
				F704F9BA224B9E4400946C02 /* Model */,
				F704F9B9224B9E3B00946C02 /* View */,
				F704F9B8224B9E3000946C02 /* Controller */,
				F70DE877224A5AA100AC054B /* Supporting Files */,
				F7ECC33F224A417600947A69 /* AppDelegate.swift */,
				F7ECC343224A417600947A69 /* Main.storyboard */,
				F7ECC346224A417700947A69 /* Assets.xcassets */,
				F7ECC348224A417700947A69 /* LaunchScreen.storyboard */,
				F7ECC34B224A417700947A69 /* Info.plist */,
				F70DE87F224A5B3300AC054B /* File.swift */,
			);
			path = Smack;
			sourceTree = "<group>";
		};
/* End PBXGroup section */

/* Begin PBXNativeTarget section */
		F7ECC33B224A417600947A69 /* Smack */ = {
			isa = PBXNativeTarget;
			buildConfigurationList = F7ECC34E224A417700947A69 /* Build configuration list for PBXNativeTarget "Smack" */;
			buildPhases = (
				A6DFD04C509FAAD3015F306B /* [CP] Check Pods Manifest.lock */,
				F7ECC338224A417600947A69 /* Sources */,
				F7ECC339224A417600947A69 /* Frameworks */,
				F7ECC33A224A417600947A69 /* Resources */,
				1FC237536B5732973F79AA78 /* [CP] Embed Pods Frameworks */,
			);
			buildRules = (
			);
			dependencies = (
			);
			name = Smack;
			productName = Smack;
			productReference = F7ECC33C224A417600947A69 /* Smack.app */;
			productType = "com.apple.product-type.application";
		};
/* End PBXNativeTarget section */

/* Begin PBXProject section */
		F7ECC334224A417600947A69 /* Project object */ = {
			isa = PBXProject;
			attributes = {
				LastSwiftUpdateCheck = 1010;
				LastUpgradeCheck = 1010;
				ORGANIZATIONNAME = "Jai Nijhawan";
				TargetAttributes = {
					F7ECC33B224A417600947A69 = {
						CreatedOnToolsVersion = 10.1;
						LastSwiftMigration = 1010;
					};
				};
			};
			buildConfigurationList = F7ECC337224A417600947A69 /* Build configuration list for PBXProject "Smack" */;
			compatibilityVersion = "Xcode 9.3";
			developmentRegion = en;
			hasScannedForEncodings = 0;
			knownRegions = (
				en,
				Base,
			);
			mainGroup = F7ECC333224A417600947A69;
			productRefGroup = F7ECC33D224A417600947A69 /* Products */;
			projectDirPath = "";
			projectRoot = "";
			targets = (
				F7ECC33B224A417600947A69 /* Smack */,
			);
		};
/* End PBXProject section */

/* Begin PBXResourcesBuildPhase section */
		F7ECC33A224A417600947A69 /* Resources */ = {
			isa = PBXResourcesBuildPhase;
			buildActionMask = 2147483647;
			files = (
				F7ECC34A224A417700947A69 /* LaunchScreen.storyboard in Resources */,
				F7ECC347224A417700947A69 /* Assets.xcassets in Resources */,
				F7ECC345224A417600947A69 /* Main.storyboard in Resources */,
			);
			runOnlyForDeploymentPostprocessing = 0;
		};
/* End PBXResourcesBuildPhase section */

/* Begin PBXShellScriptBuildPhase section */
		1FC237536B5732973F79AA78 /* [CP] Embed Pods Frameworks */ = {
			isa = PBXShellScriptBuildPhase;
			buildActionMask = 2147483647;
			files = (
			);
			inputPaths = (
				"${SRCROOT}/Pods/Target Support Files/Pods-Smack/Pods-Smack-frameworks.sh",
				"${BUILT_PRODUCTS_DIR}/Alamofire/Alamofire.framework",
				"${BUILT_PRODUCTS_DIR}/Socket.IO-Client-Swift/SocketIO.framework",
				"${BUILT_PRODUCTS_DIR}/Starscream/Starscream.framework",
				"${BUILT_PRODUCTS_DIR}/SwiftyJSON/SwiftyJSON.framework",
			);
			name = "[CP] Embed Pods Frameworks";
			outputPaths = (
				"${TARGET_BUILD_DIR}/${FRAMEWORKS_FOLDER_PATH}/Alamofire.framework",
				"${TARGET_BUILD_DIR}/${FRAMEWORKS_FOLDER_PATH}/SocketIO.framework",
				"${TARGET_BUILD_DIR}/${FRAMEWORKS_FOLDER_PATH}/Starscream.framework",
				"${TARGET_BUILD_DIR}/${FRAMEWORKS_FOLDER_PATH}/SwiftyJSON.framework",
			);
			runOnlyForDeploymentPostprocessing = 0;
			shellPath = /bin/sh;
			shellScript = "\"${SRCROOT}/Pods/Target Support Files/Pods-Smack/Pods-Smack-frameworks.sh\"\n";
			showEnvVarsInLog = 0;
		};
		A6DFD04C509FAAD3015F306B /* [CP] Check Pods Manifest.lock */ = {
			isa = PBXShellScriptBuildPhase;
			buildActionMask = 2147483647;
			files = (
			);
			inputPaths = (
				"${PODS_PODFILE_DIR_PATH}/Podfile.lock",
				"${PODS_ROOT}/Manifest.lock",
			);
			name = "[CP] Check Pods Manifest.lock";
			outputPaths = (
				"$(DERIVED_FILE_DIR)/Pods-Smack-checkManifestLockResult.txt",
			);
			runOnlyForDeploymentPostprocessing = 0;
			shellPath = /bin/sh;
			shellScript = "diff \"${PODS_PODFILE_DIR_PATH}/Podfile.lock\" \"${PODS_ROOT}/Manifest.lock\" > /dev/null\nif [ $? != 0 ] ; then\n    # print error to STDERR\n    echo \"error: The sandbox is not in sync with the Podfile.lock. Run 'pod install' or update your CocoaPods installation.\" >&2\n    exit 1\nfi\n# This output is used by Xcode 'outputs' to avoid re-running this script phase.\necho \"SUCCESS\" > \"${SCRIPT_OUTPUT_FILE_0}\"\n";
			showEnvVarsInLog = 0;
		};
/* End PBXShellScriptBuildPhase section */

/* Begin PBXSourcesBuildPhase section */
		F7ECC338224A417600947A69 /* Sources */ = {
			isa = PBXSourcesBuildPhase;
			buildActionMask = 2147483647;
			files = (
				F70DE880224A5B3300AC054B /* File.swift in Sources */,
				F7ECC340224A417600947A69 /* AppDelegate.swift in Sources */,
				F7065628224D73B600EC41AA /* LogInVC.swift in Sources */,
				F7065626224D6C2000EC41AA /* Constants.swift in Sources */,
				F7FC83BB224C10A80037D85F /* GradientView.swift in Sources */,
				F7038CF4224FE4D10083E790 /* CreateAccountVC.swift in Sources */,
				F70DE884224A5B6E00AC054B /* SWRevealViewController.m in Sources */,
				F704F9BE224B9E6900946C02 /* ChannelVC.swift in Sources */,
				F704F9BC224B9E5B00946C02 /* ChatVC.swift in Sources */,
			);
			runOnlyForDeploymentPostprocessing = 0;
		};
/* End PBXSourcesBuildPhase section */

/* Begin PBXVariantGroup section */
		F7ECC343224A417600947A69 /* Main.storyboard */ = {
			isa = PBXVariantGroup;
			children = (
				F7ECC344224A417600947A69 /* Base */,
			);
			name = Main.storyboard;
			sourceTree = "<group>";
		};
		F7ECC348224A417700947A69 /* LaunchScreen.storyboard */ = {
			isa = PBXVariantGroup;
			children = (
				F7ECC349224A417700947A69 /* Base */,
			);
			name = LaunchScreen.storyboard;
			sourceTree = "<group>";
		};
/* End PBXVariantGroup section */

/* Begin XCBuildConfiguration section */
		F7ECC34C224A417700947A69 /* Debug */ = {
			isa = XCBuildConfiguration;
			buildSettings = {
				ALWAYS_SEARCH_USER_PATHS = NO;
				CLANG_ANALYZER_NONNULL = YES;
				CLANG_ANALYZER_NUMBER_OBJECT_CONVERSION = YES_AGGRESSIVE;
				CLANG_CXX_LANGUAGE_STANDARD = "gnu++14";
				CLANG_CXX_LIBRARY = "libc++";
				CLANG_ENABLE_MODULES = YES;
				CLANG_ENABLE_OBJC_ARC = YES;
				CLANG_ENABLE_OBJC_WEAK = YES;
				CLANG_WARN_BLOCK_CAPTURE_AUTORELEASING = YES;
				CLANG_WARN_BOOL_CONVERSION = YES;
				CLANG_WARN_COMMA = YES;
				CLANG_WARN_CONSTANT_CONVERSION = YES;
				CLANG_WARN_DEPRECATED_OBJC_IMPLEMENTATIONS = YES;
				CLANG_WARN_DIRECT_OBJC_ISA_USAGE = YES_ERROR;
				CLANG_WARN_DOCUMENTATION_COMMENTS = YES;
				CLANG_WARN_EMPTY_BODY = YES;
				CLANG_WARN_ENUM_CONVERSION = YES;
				CLANG_WARN_INFINITE_RECURSION = YES;
				CLANG_WARN_INT_CONVERSION = YES;
				CLANG_WARN_NON_LITERAL_NULL_CONVERSION = YES;
				CLANG_WARN_OBJC_IMPLICIT_RETAIN_SELF = YES;
				CLANG_WARN_OBJC_LITERAL_CONVERSION = YES;
				CLANG_WARN_OBJC_ROOT_CLASS = YES_ERROR;
				CLANG_WARN_RANGE_LOOP_ANALYSIS = YES;
				CLANG_WARN_STRICT_PROTOTYPES = YES;
				CLANG_WARN_SUSPICIOUS_MOVE = YES;
				CLANG_WARN_UNGUARDED_AVAILABILITY = YES_AGGRESSIVE;
				CLANG_WARN_UNREACHABLE_CODE = YES;
				CLANG_WARN__DUPLICATE_METHOD_MATCH = YES;
				CODE_SIGN_IDENTITY = "iPhone Developer";
				COPY_PHASE_STRIP = NO;
				DEBUG_INFORMATION_FORMAT = dwarf;
				ENABLE_STRICT_OBJC_MSGSEND = YES;
				ENABLE_TESTABILITY = YES;
				GCC_C_LANGUAGE_STANDARD = gnu11;
				GCC_DYNAMIC_NO_PIC = NO;
				GCC_NO_COMMON_BLOCKS = YES;
				GCC_OPTIMIZATION_LEVEL = 0;
				GCC_PREPROCESSOR_DEFINITIONS = (
					"DEBUG=1",
					"$(inherited)",
				);
				GCC_WARN_64_TO_32_BIT_CONVERSION = YES;
				GCC_WARN_ABOUT_RETURN_TYPE = YES_ERROR;
				GCC_WARN_UNDECLARED_SELECTOR = YES;
				GCC_WARN_UNINITIALIZED_AUTOS = YES_AGGRESSIVE;
				GCC_WARN_UNUSED_FUNCTION = YES;
				GCC_WARN_UNUSED_VARIABLE = YES;
				IPHONEOS_DEPLOYMENT_TARGET = 12.1;
				MTL_ENABLE_DEBUG_INFO = INCLUDE_SOURCE;
				MTL_FAST_MATH = YES;
				ONLY_ACTIVE_ARCH = YES;
				SDKROOT = iphoneos;
				SWIFT_ACTIVE_COMPILATION_CONDITIONS = DEBUG;
				SWIFT_OPTIMIZATION_LEVEL = "-Onone";
			};
			name = Debug;
		};
		F7ECC34D224A417700947A69 /* Release */ = {
			isa = XCBuildConfiguration;
			buildSettings = {
				ALWAYS_SEARCH_USER_PATHS = NO;
				CLANG_ANALYZER_NONNULL = YES;
				CLANG_ANALYZER_NUMBER_OBJECT_CONVERSION = YES_AGGRESSIVE;
				CLANG_CXX_LANGUAGE_STANDARD = "gnu++14";
				CLANG_CXX_LIBRARY = "libc++";
				CLANG_ENABLE_MODULES = YES;
				CLANG_ENABLE_OBJC_ARC = YES;
				CLANG_ENABLE_OBJC_WEAK = YES;
				CLANG_WARN_BLOCK_CAPTURE_AUTORELEASING = YES;
				CLANG_WARN_BOOL_CONVERSION = YES;
				CLANG_WARN_COMMA = YES;
				CLANG_WARN_CONSTANT_CONVERSION = YES;
				CLANG_WARN_DEPRECATED_OBJC_IMPLEMENTATIONS = YES;
				CLANG_WARN_DIRECT_OBJC_ISA_USAGE = YES_ERROR;
				CLANG_WARN_DOCUMENTATION_COMMENTS = YES;
				CLANG_WARN_EMPTY_BODY = YES;
				CLANG_WARN_ENUM_CONVERSION = YES;
				CLANG_WARN_INFINITE_RECURSION = YES;
				CLANG_WARN_INT_CONVERSION = YES;
				CLANG_WARN_NON_LITERAL_NULL_CONVERSION = YES;
				CLANG_WARN_OBJC_IMPLICIT_RETAIN_SELF = YES;
				CLANG_WARN_OBJC_LITERAL_CONVERSION = YES;
				CLANG_WARN_OBJC_ROOT_CLASS = YES_ERROR;
				CLANG_WARN_RANGE_LOOP_ANALYSIS = YES;
				CLANG_WARN_STRICT_PROTOTYPES = YES;
				CLANG_WARN_SUSPICIOUS_MOVE = YES;
				CLANG_WARN_UNGUARDED_AVAILABILITY = YES_AGGRESSIVE;
				CLANG_WARN_UNREACHABLE_CODE = YES;
				CLANG_WARN__DUPLICATE_METHOD_MATCH = YES;
				CODE_SIGN_IDENTITY = "iPhone Developer";
				COPY_PHASE_STRIP = NO;
				DEBUG_INFORMATION_FORMAT = "dwarf-with-dsym";
				ENABLE_NS_ASSERTIONS = NO;
				ENABLE_STRICT_OBJC_MSGSEND = YES;
				GCC_C_LANGUAGE_STANDARD = gnu11;
				GCC_NO_COMMON_BLOCKS = YES;
				GCC_WARN_64_TO_32_BIT_CONVERSION = YES;
				GCC_WARN_ABOUT_RETURN_TYPE = YES_ERROR;
				GCC_WARN_UNDECLARED_SELECTOR = YES;
				GCC_WARN_UNINITIALIZED_AUTOS = YES_AGGRESSIVE;
				GCC_WARN_UNUSED_FUNCTION = YES;
				GCC_WARN_UNUSED_VARIABLE = YES;
				IPHONEOS_DEPLOYMENT_TARGET = 12.1;
				MTL_ENABLE_DEBUG_INFO = NO;
				MTL_FAST_MATH = YES;
				SDKROOT = iphoneos;
				SWIFT_COMPILATION_MODE = wholemodule;
				SWIFT_OPTIMIZATION_LEVEL = "-O";
				VALIDATE_PRODUCT = YES;
			};
			name = Release;
		};
		F7ECC34F224A417700947A69 /* Debug */ = {
			isa = XCBuildConfiguration;
			baseConfigurationReference = 4EBC4B77B166E907547EF53A /* Pods-Smack.debug.xcconfig */;
			buildSettings = {
				ASSETCATALOG_COMPILER_APPICON_NAME = AppIcon;
				CLANG_ENABLE_MODULES = YES;
				CODE_SIGN_STYLE = Automatic;
				DEVELOPMENT_TEAM = "";
				INFOPLIST_FILE = Smack/Info.plist;
				LD_RUNPATH_SEARCH_PATHS = (
					"$(inherited)",
					"@executable_path/Frameworks",
				);
				PRODUCT_BUNDLE_IDENTIFIER = JainNjhawan.Smack;
				PRODUCT_NAME = "$(TARGET_NAME)";
				SWIFT_OBJC_BRIDGING_HEADER = "Smack/Supporting Files/Smack-Bridging-Header.h";
				SWIFT_OPTIMIZATION_LEVEL = "-Onone";
				SWIFT_VERSION = 4.2;
				TARGETED_DEVICE_FAMILY = "1,2";
			};
			name = Debug;
		};
		F7ECC350224A417700947A69 /* Release */ = {
			isa = XCBuildConfiguration;
			baseConfigurationReference = 52FABF7C781AC56B02097D27 /* Pods-Smack.release.xcconfig */;
			buildSettings = {
				ASSETCATALOG_COMPILER_APPICON_NAME = AppIcon;
				CLANG_ENABLE_MODULES = YES;
				CODE_SIGN_STYLE = Automatic;
				DEVELOPMENT_TEAM = "";
				INFOPLIST_FILE = Smack/Info.plist;
				LD_RUNPATH_SEARCH_PATHS = (
					"$(inherited)",
					"@executable_path/Frameworks",
				);
				PRODUCT_BUNDLE_IDENTIFIER = JainNjhawan.Smack;
				PRODUCT_NAME = "$(TARGET_NAME)";
				SWIFT_OBJC_BRIDGING_HEADER = "Smack/Supporting Files/Smack-Bridging-Header.h";
				SWIFT_VERSION = 4.2;
				TARGETED_DEVICE_FAMILY = "1,2";
			};
			name = Release;
		};
/* End XCBuildConfiguration section */

/* Begin XCConfigurationList section */
		F7ECC337224A417600947A69 /* Build configuration list for PBXProject "Smack" */ = {
			isa = XCConfigurationList;
			buildConfigurations = (
				F7ECC34C224A417700947A69 /* Debug */,
				F7ECC34D224A417700947A69 /* Release */,
			);
			defaultConfigurationIsVisible = 0;
			defaultConfigurationName = Release;
		};
		F7ECC34E224A417700947A69 /* Build configuration list for PBXNativeTarget "Smack" */ = {
			isa = XCConfigurationList;
			buildConfigurations = (
				F7ECC34F224A417700947A69 /* Debug */,
				F7ECC350224A417700947A69 /* Release */,
			);
			defaultConfigurationIsVisible = 0;
			defaultConfigurationName = Release;
		};
/* End XCConfigurationList section */
	};
	rootObject = F7ECC334224A417600947A69 /* Project object */;
}
